# THIS IS AN AUTOGENERATED FILE. DO NOT EDIT THIS FILE DIRECTLY.
# yarn lockfile v1


"@microsoft/tsdoc@^0.12.8":
  version "0.12.8"
  resolved "https://registry.yarnpkg.com/@microsoft/tsdoc/-/tsdoc-0.12.8.tgz#e9646c91c650d536f37b04762eaa81afdc9a19d3"
  integrity sha512-0smzAmVIUCsssAqDSPn9AfOPKUobq2WXMygbzC5JNswAJOs4uJK6DTZgfnHC8QLE2q374sPNwWU5D5LuoAJQSA==

typescript@^3.3.3333:
  version "3.3.3333"
  resolved "https://registry.yarnpkg.com/typescript/-/typescript-3.3.3333.tgz#171b2c5af66c59e9431199117a3bcadc66fdcfd6"
  integrity sha512-JjSKsAfuHBE/fB2oZ8NxtRTk5iGcg6hkYXMnZ3Wc+b2RSqejEqTaem11mHASMnFilHrax3sLK0GDzcJrekZYLw==
